
Microsoft Visual Studio Solution File, Format Version 12.00
# Visual Studio Version 17
VisualStudioVersion = 17.11.35222.181
MinimumVisualStudioVersion = 10.0.40219.1
Project("{FAE04EC0-301F-11D3-BF4B-00C04F79EFBC}") = "API.FurnitureStore.API", "API.FurnitureStore.API\API.FurnitureStore.API.csproj", "{BC223E1D-6E8B-4A37-BF05-519B8614AEBD}"
EndProject
Project("{FAE04EC0-301F-11D3-BF4B-00C04F79EFBC}") = "API.FurnitureStore.Shared", "API.FurnitureStore.Shared\API.FurnitureStore.Shared.csproj", "{ADF86CAA-EAF9-4A1B-B362-49EC67D821C9}"
EndProject
Project("{FAE04EC0-301F-11D3-BF4B-00C04F79EFBC}") = "API.FurnitureStore.Data", "API.FurnitureStore.Data\API.FurnitureStore.Data.csproj", "{9BCA52BA-EF64-48B1-9DE4-2E33F91DCA36}"
EndProject
Global
	GlobalSection(SolutionConfigurationPlatforms) = preSolution
		Debug|Any CPU = Debug|Any CPU
		Release|Any CPU = Release|Any CPU
	EndGlobalSection
	GlobalSection(ProjectConfigurationPlatforms) = postSolution
		{BC223E1D-6E8B-4A37-BF05-519B8614AEBD}.Debug|Any CPU.ActiveCfg = Debug|Any CPU
		{BC223E1D-6E8B-4A37-BF05-519B8614AEBD}.Debug|Any CPU.Build.0 = Debug|Any CPU
		{BC223E1D-6E8B-4A37-BF05-519B8614AEBD}.Release|Any CPU.ActiveCfg = Release|Any CPU
		{BC223E1D-6E8B-4A37-BF05-519B8614AEBD}.Release|Any CPU.Build.0 = Release|Any CPU
		{ADF86CAA-EAF9-4A1B-B362-49EC67D821C9}.Debug|Any CPU.ActiveCfg = Debug|Any CPU
		{ADF86CAA-EAF9-4A1B-B362-49EC67D821C9}.Debug|Any CPU.Build.0 = Debug|Any CPU
		{ADF86CAA-EAF9-4A1B-B362-49EC67D821C9}.Release|Any CPU.ActiveCfg = Release|Any CPU
		{ADF86CAA-EAF9-4A1B-B362-49EC67D821C9}.Release|Any CPU.Build.0 = Release|Any CPU
		{9BCA52BA-EF64-48B1-9DE4-2E33F91DCA36}.Debug|Any CPU.ActiveCfg = Debug|Any CPU
		{9BCA52BA-EF64-48B1-9DE4-2E33F91DCA36}.Debug|Any CPU.Build.0 = Debug|Any CPU
		{9BCA52BA-EF64-48B1-9DE4-2E33F91DCA36}.Release|Any CPU.ActiveCfg = Release|Any CPU
		{9BCA52BA-EF64-48B1-9DE4-2E33F91DCA36}.Release|Any CPU.Build.0 = Release|Any CPU
	EndGlobalSection
	GlobalSection(SolutionProperties) = preSolution
		HideSolutionNode = FALSE
	EndGlobalSection
	GlobalSection(ExtensibilityGlobals) = postSolution
		SolutionGuid = {A2132512-59B3-4BD7-A000-0100DAF715BF}
	EndGlobalSection
EndGlobal
